
Microsoft Visual Studio Solution File, Format Version 12.00
# Visual Studio Version 16
VisualStudioVersion = 16.0.29318.209
MinimumVisualStudioVersion = 10.0.40219.1
Project("{9A19103F-16F7-4668-BE54-9A1E7A4F7556}") = "BlazorApp1", "BlazorApp1.csproj", "{D78013ED-4109-435C-A4E6-B2D93D97AF70}"
EndProject
Global
	GlobalSection(SolutionConfigurationPlatforms) = preSolution
		Debug|Any CPU = Debug|Any CPU
		Release|Any CPU = Release|Any CPU
	EndGlobalSection
	GlobalSection(ProjectConfigurationPlatforms) = postSolution
		{D78013ED-4109-435C-A4E6-B2D93D97AF70}.Debug|Any CPU.ActiveCfg = Debug|Any CPU
		{D78013ED-4109-435C-A4E6-B2D93D97AF70}.Debug|Any CPU.Build.0 = Debug|Any CPU
		{D78013ED-4109-435C-A4E6-B2D93D97AF70}.Release|Any CPU.ActiveCfg = Release|Any CPU
		{D78013ED-4109-435C-A4E6-B2D93D97AF70}.Release|Any CPU.Build.0 = Release|Any CPU
	EndGlobalSection
	GlobalSection(SolutionProperties) = preSolution
		HideSolutionNode = FALSE
	EndGlobalSection
	GlobalSection(ExtensibilityGlobals) = postSolution
		SolutionGuid = {4F22A89C-9163-467E-952F-75FE2A815F41}
	EndGlobalSection
EndGlobal
